
Microsoft Visual Studio Solution File, Format Version 12.00
# Visual Studio Version 17
VisualStudioVersion = 17.10.35027.167
MinimumVisualStudioVersion = 10.0.40219.1
Project("{FAE04EC0-301F-11D3-BF4B-00C04F79EFBC}") = "StarterAPI", "StarterAPI\StarterAPI.csproj", "{89A6AF40-4013-42F5-836F-69B6934941C3}"
EndProject
Global
	GlobalSection(SolutionConfigurationPlatforms) = preSolution
		Debug|Any CPU = Debug|Any CPU
		Release|Any CPU = Release|Any CPU
	EndGlobalSection
	GlobalSection(ProjectConfigurationPlatforms) = postSolution
		{89A6AF40-4013-42F5-836F-69B6934941C3}.Debug|Any CPU.ActiveCfg = Debug|Any CPU
		{89A6AF40-4013-42F5-836F-69B6934941C3}.Debug|Any CPU.Build.0 = Debug|Any CPU
		{89A6AF40-4013-42F5-836F-69B6934941C3}.Release|Any CPU.ActiveCfg = Release|Any CPU
		{89A6AF40-4013-42F5-836F-69B6934941C3}.Release|Any CPU.Build.0 = Release|Any CPU
	EndGlobalSection
	GlobalSection(SolutionProperties) = preSolution
		HideSolutionNode = FALSE
	EndGlobalSection
	GlobalSection(ExtensibilityGlobals) = postSolution
		SolutionGuid = {833477FA-C39A-453D-9F2E-0DE3EB4137EA}
	EndGlobalSection
EndGlobal
